
Microsoft Visual Studio Solution File, Format Version 12.00
# Visual Studio Version 17
VisualStudioVersion = 17.7.34009.444
MinimumVisualStudioVersion = 10.0.40219.1
Project("{FAE04EC0-301F-11D3-BF4B-00C04F79EFBC}") = "Homework2_Part2", "Homework2_Part2\Homework2_Part2.csproj", "{D71E380E-DA27-4685-A8F2-8702FB829175}"
EndProject
Global
	GlobalSection(SolutionConfigurationPlatforms) = preSolution
		Debug|Any CPU = Debug|Any CPU
		Release|Any CPU = Release|Any CPU
	EndGlobalSection
	GlobalSection(ProjectConfigurationPlatforms) = postSolution
		{D71E380E-DA27-4685-A8F2-8702FB829175}.Debug|Any CPU.ActiveCfg = Debug|Any CPU
		{D71E380E-DA27-4685-A8F2-8702FB829175}.Debug|Any CPU.Build.0 = Debug|Any CPU
		{D71E380E-DA27-4685-A8F2-8702FB829175}.Release|Any CPU.ActiveCfg = Release|Any CPU
		{D71E380E-DA27-4685-A8F2-8702FB829175}.Release|Any CPU.Build.0 = Release|Any CPU
	EndGlobalSection
	GlobalSection(SolutionProperties) = preSolution
		HideSolutionNode = FALSE
	EndGlobalSection
	GlobalSection(ExtensibilityGlobals) = postSolution
		SolutionGuid = {A502A3BF-584C-4A2E-ABD2-D67E6B6C0E37}
	EndGlobalSection
EndGlobal
